// !$*UTF8*$!
{
	archiveVersion = 1;
	classes = {
	};
	objectVersion = 46;
	objects = {

/* Begin PBXBuildFile section */
		81A55E28145101150078DAC9 /* UIKit.framework in Frameworks */ = {isa = PBXBuildFile; fileRef = 81A55E27145101150078DAC9 /* UIKit.framework */; };
		81A55E2A145101150078DAC9 /* Foundation.framework in Frameworks */ = {isa = PBXBuildFile; fileRef = 81A55E29145101150078DAC9 /* Foundation.framework */; };
		81A55E2C145101150078DAC9 /* CoreGraphics.framework in Frameworks */ = {isa = PBXBuildFile; fileRef = 81A55E2B145101150078DAC9 /* CoreGraphics.framework */; };
		81A55E32145101150078DAC9 /* InfoPlist.strings in Resources */ = {isa = PBXBuildFile; fileRef = 81A55E30145101150078DAC9 /* InfoPlist.strings */; };
		81A55E34145101150078DAC9 /* main.m in Sources */ = {isa = PBXBuildFile; fileRef = 81A55E33145101150078DAC9 /* main.m */; };
		81A55E38145101160078DAC9 /* BIDAppDelegate.m in Sources */ = {isa = PBXBuildFile; fileRef = 81A55E37145101160078DAC9 /* BIDAppDelegate.m */; };
		81A55E3B145101160078DAC9 /* BIDViewController.m in Sources */ = {isa = PBXBuildFile; fileRef = 81A55E3A145101160078DAC9 /* BIDViewController.m */; };
		81A55E3E145101160078DAC9 /* BIDViewController.xib in Resources */ = {isa = PBXBuildFile; fileRef = 81A55E3C145101160078DAC9 /* BIDViewController.xib */; };
/* End PBXBuildFile section */

/* Begin PBXFileReference section */
		81A55E23145101150078DAC9 /* Swap.app */ = {isa = PBXFileReference; explicitFileType = wrapper.application; includeInIndex = 0; path = Swap.app; sourceTree = BUILT_PRODUCTS_DIR; };
		81A55E27145101150078DAC9 /* UIKit.framework */ = {isa = PBXFileReference; lastKnownFileType = wrapper.framework; name = UIKit.framework; path = System/Library/Frameworks/UIKit.framework; sourceTree = SDKROOT; };
		81A55E29145101150078DAC9 /* Foundation.framework */ = {isa = PBXFileReference; lastKnownFileType = wrapper.framework; name = Foundation.framework; path = System/Library/Frameworks/Foundation.framework; sourceTree = SDKROOT; };
		81A55E2B145101150078DAC9 /* CoreGraphics.framework */ = {isa = PBXFileReference; lastKnownFileType = wrapper.framework; name = CoreGraphics.framework; path = System/Library/Frameworks/CoreGraphics.framework; sourceTree = SDKROOT; };
		81A55E2F145101150078DAC9 /* Swap-Info.plist */ = {isa = PBXFileReference; lastKnownFileType = text.plist.xml; path = "Swap-Info.plist"; sourceTree = "<group>"; };
		81A55E31145101150078DAC9 /* en */ = {isa = PBXFileReference; lastKnownFileType = text.plist.strings; name = en; path = en.lproj/InfoPlist.strings; sourceTree = "<group>"; };
		81A55E33145101150078DAC9 /* main.m */ = {isa = PBXFileReference; lastKnownFileType = sourcecode.c.objc; path = main.m; sourceTree = "<group>"; };
		81A55E35145101150078DAC9 /* Swap-Prefix.pch */ = {isa = PBXFileReference; lastKnownFileType = sourcecode.c.h; path = "Swap-Prefix.pch"; sourceTree = "<group>"; };
		81A55E36145101160078DAC9 /* BIDAppDelegate.h */ = {isa = PBXFileReference; lastKnownFileType = sourcecode.c.h; path = BIDAppDelegate.h; sourceTree = "<group>"; };
		81A55E37145101160078DAC9 /* BIDAppDelegate.m */ = {isa = PBXFileReference; lastKnownFileType = sourcecode.c.objc; path = BIDAppDelegate.m; sourceTree = "<group>"; };
		81A55E39145101160078DAC9 /* BIDViewController.h */ = {isa = PBXFileReference; lastKnownFileType = sourcecode.c.h; path = BIDViewController.h; sourceTree = "<group>"; };
		81A55E3A145101160078DAC9 /* BIDViewController.m */ = {isa = PBXFileReference; lastKnownFileType = sourcecode.c.objc; path = BIDViewController.m; sourceTree = "<group>"; };
		81A55E3D145101160078DAC9 /* en */ = {isa = PBXFileReference; lastKnownFileType = file.xib; name = en; path = en.lproj/BIDViewController.xib; sourceTree = "<group>"; };
/* End PBXFileReference section */

/* Begin PBXFrameworksBuildPhase section */
		81A55E20145101150078DAC9 /* Frameworks */ = {
			isa = PBXFrameworksBuildPhase;
			buildActionMask = 2147483647;
			files = (
				81A55E28145101150078DAC9 /* UIKit.framework in Frameworks */,
				81A55E2A145101150078DAC9 /* Foundation.framework in Frameworks */,
				81A55E2C145101150078DAC9 /* CoreGraphics.framework in Frameworks */,
			);
			runOnlyForDeploymentPostprocessing = 0;
		};
/* End PBXFrameworksBuildPhase section */

/* Begin PBXGroup section */
		81A55E18145101150078DAC9 = {
			isa = PBXGroup;
			children = (
				81A55E2D145101150078DAC9 /* Swap */,
				81A55E26145101150078DAC9 /* Frameworks */,
				81A55E24145101150078DAC9 /* Products */,
			);
			sourceTree = "<group>";
		};
		81A55E24145101150078DAC9 /* Products */ = {
			isa = PBXGroup;
			children = (
				81A55E23145101150078DAC9 /* Swap.app */,
			);
			name = Products;
			sourceTree = "<group>";
		};
		81A55E26145101150078DAC9 /* Frameworks */ = {
			isa = PBXGroup;
			children = (
				81A55E27145101150078DAC9 /* UIKit.framework */,
				81A55E29145101150078DAC9 /* Foundation.framework */,
				81A55E2B145101150078DAC9 /* CoreGraphics.framework */,
			);
			name = Frameworks;
			sourceTree = "<group>";
		};
		81A55E2D145101150078DAC9 /* Swap */ = {
			isa = PBXGroup;
			children = (
				81A55E36145101160078DAC9 /* BIDAppDelegate.h */,
				81A55E37145101160078DAC9 /* BIDAppDelegate.m */,
				81A55E39145101160078DAC9 /* BIDViewController.h */,
				81A55E3A145101160078DAC9 /* BIDViewController.m */,
				81A55E3C145101160078DAC9 /* BIDViewController.xib */,
				81A55E2E145101150078DAC9 /* Supporting Files */,
			);
			path = Swap;
			sourceTree = "<group>";
		};
		81A55E2E145101150078DAC9 /* Supporting Files */ = {
			isa = PBXGroup;
			children = (
				81A55E2F145101150078DAC9 /* Swap-Info.plist */,
				81A55E30145101150078DAC9 /* InfoPlist.strings */,
				81A55E33145101150078DAC9 /* main.m */,
				81A55E35145101150078DAC9 /* Swap-Prefix.pch */,
			);
			name = "Supporting Files";
			sourceTree = "<group>";
		};
/* End PBXGroup section */

/* Begin PBXNativeTarget section */
		81A55E22145101150078DAC9 /* Swap */ = {
			isa = PBXNativeTarget;
			buildConfigurationList = 81A55E41145101160078DAC9 /* Build configuration list for PBXNativeTarget "Swap" */;
			buildPhases = (
				81A55E1F145101150078DAC9 /* Sources */,
				81A55E20145101150078DAC9 /* Frameworks */,
				81A55E21145101150078DAC9 /* Resources */,
			);
			buildRules = (
			);
			dependencies = (
			);
			name = Swap;
			productName = Swap;
			productReference = 81A55E23145101150078DAC9 /* Swap.app */;
			productType = "com.apple.product-type.application";
		};
/* End PBXNativeTarget section */

/* Begin PBXProject section */
		81A55E1A145101150078DAC9 /* Project object */ = {
			isa = PBXProject;
			attributes = {
				LastUpgradeCheck = 0420;
				ORGANIZATIONNAME = "Dave Mark";
			};
			buildConfigurationList = 81A55E1D145101150078DAC9 /* Build configuration list for PBXProject "Swap" */;
			compatibilityVersion = "Xcode 3.2";
			developmentRegion = English;
			hasScannedForEncodings = 0;
			knownRegions = (
				en,
			);
			mainGroup = 81A55E18145101150078DAC9;
			productRefGroup = 81A55E24145101150078DAC9 /* Products */;
			projectDirPath = "";
			projectRoot = "";
			targets = (
				81A55E22145101150078DAC9 /* Swap */,
			);
		};
/* End PBXProject section */

/* Begin PBXResourcesBuildPhase section */
		81A55E21145101150078DAC9 /* Resources */ = {
			isa = PBXResourcesBuildPhase;
			buildActionMask = 2147483647;
			files = (
				81A55E32145101150078DAC9 /* InfoPlist.strings in Resources */,
				81A55E3E145101160078DAC9 /* BIDViewController.xib in Resources */,
			);
			runOnlyForDeploymentPostprocessing = 0;
		};
/* End PBXResourcesBuildPhase section */

/* Begin PBXSourcesBuildPhase section */
		81A55E1F145101150078DAC9 /* Sources */ = {
			isa = PBXSourcesBuildPhase;
			buildActionMask = 2147483647;
			files = (
				81A55E34145101150078DAC9 /* main.m in Sources */,
				81A55E38145101160078DAC9 /* BIDAppDelegate.m in Sources */,
				81A55E3B145101160078DAC9 /* BIDViewController.m in Sources */,
			);
			runOnlyForDeploymentPostprocessing = 0;
		};
/* End PBXSourcesBuildPhase section */

/* Begin PBXVariantGroup section */
		81A55E30145101150078DAC9 /* InfoPlist.strings */ = {
			isa = PBXVariantGroup;
			children = (
				81A55E31145101150078DAC9 /* en */,
			);
			name = InfoPlist.strings;
			sourceTree = "<group>";
		};
		81A55E3C145101160078DAC9 /* BIDViewController.xib */ = {
			isa = PBXVariantGroup;
			children = (
				81A55E3D145101160078DAC9 /* en */,
			);
			name = BIDViewController.xib;
			sourceTree = "<group>";
		};
/* End PBXVariantGroup section */

/* Begin XCBuildConfiguration section */
		81A55E3F145101160078DAC9 /* Debug */ = {
			isa = XCBuildConfiguration;
			buildSettings = {
				ALWAYS_SEARCH_USER_PATHS = NO;
				ARCHS = "$(ARCHS_STANDARD_32_BIT)";
				CLANG_ENABLE_OBJC_ARC = YES;
				"CODE_SIGN_IDENTITY[sdk=iphoneos*]" = "iPhone Developer";
				COPY_PHASE_STRIP = NO;
				GCC_C_LANGUAGE_STANDARD = gnu99;
				GCC_DYNAMIC_NO_PIC = NO;
				GCC_OPTIMIZATION_LEVEL = 0;
				GCC_PREPROCESSOR_DEFINITIONS = (
					"DEBUG=1",
					"$(inherited)",
				);
				GCC_SYMBOLS_PRIVATE_EXTERN = NO;
				GCC_VERSION = com.apple.compilers.llvm.clang.1_0;
				GCC_WARN_ABOUT_MISSING_PROTOTYPES = YES;
				GCC_WARN_ABOUT_RETURN_TYPE = YES;
				GCC_WARN_UNUSED_VARIABLE = YES;
				IPHONEOS_DEPLOYMENT_TARGET = 5.0;
				SDKROOT = iphoneos;
			};
			name = Debug;
		};
		81A55E40145101160078DAC9 /* Release */ = {
			isa = XCBuildConfiguration;
			buildSettings = {
				ALWAYS_SEARCH_USER_PATHS = NO;
				ARCHS = "$(ARCHS_STANDARD_32_BIT)";
				CLANG_ENABLE_OBJC_ARC = YES;
				"CODE_SIGN_IDENTITY[sdk=iphoneos*]" = "iPhone Developer";
				COPY_PHASE_STRIP = YES;
				GCC_C_LANGUAGE_STANDARD = gnu99;
				GCC_VERSION = com.apple.compilers.llvm.clang.1_0;
				GCC_WARN_ABOUT_MISSING_PROTOTYPES = YES;
				GCC_WARN_ABOUT_RETURN_TYPE = YES;
				GCC_WARN_UNUSED_VARIABLE = YES;
				IPHONEOS_DEPLOYMENT_TARGET = 5.0;
				OTHER_CFLAGS = "-DNS_BLOCK_ASSERTIONS=1";
				SDKROOT = iphoneos;
				VALIDATE_PRODUCT = YES;
			};
			name = Release;
		};
		81A55E42145101160078DAC9 /* Debug */ = {
			isa = XCBuildConfiguration;
			buildSettings = {
				GCC_PRECOMPILE_PREFIX_HEADER = YES;
				GCC_PREFIX_HEADER = "Swap/Swap-Prefix.pch";
				INFOPLIST_FILE = "Swap/Swap-Info.plist";
				PRODUCT_NAME = "$(TARGET_NAME)";
				WRAPPER_EXTENSION = app;
			};
			name = Debug;
		};
		81A55E43145101160078DAC9 /* Release */ = {
			isa = XCBuildConfiguration;
			buildSettings = {
				GCC_PRECOMPILE_PREFIX_HEADER = YES;
				GCC_PREFIX_HEADER = "Swap/Swap-Prefix.pch";
				INFOPLIST_FILE = "Swap/Swap-Info.plist";
				PRODUCT_NAME = "$(TARGET_NAME)";
				WRAPPER_EXTENSION = app;
			};
			name = Release;
		};
/* End XCBuildConfiguration section */

/* Begin XCConfigurationList section */
		81A55E1D145101150078DAC9 /* Build configuration list for PBXProject "Swap" */ = {
			isa = XCConfigurationList;
			buildConfigurations = (
				81A55E3F145101160078DAC9 /* Debug */,
				81A55E40145101160078DAC9 /* Release */,
			);
			defaultConfigurationIsVisible = 0;
			defaultConfigurationName = Release;
		};
		81A55E41145101160078DAC9 /* Build configuration list for PBXNativeTarget "Swap" */ = {
			isa = XCConfigurationList;
			buildConfigurations = (
				81A55E42145101160078DAC9 /* Debug */,
				81A55E43145101160078DAC9 /* Release */,
			);
			defaultConfigurationIsVisible = 0;
		};
/* End XCConfigurationList section */
	};
	rootObject = 81A55E1A145101150078DAC9 /* Project object */;
}
